<Solution>
  <Folder Name="/Solution Items/">
    <File Path=".editorconfig" />
    <File Path=".gitattributes" />
    <File Path=".gitignore" />
    <File Path="global.json" />
  </Folder>
  <Folder Name="/src/">
    <Project Path="src/Kiparis.AppHost/Kiparis.AppHost.csproj" />
    <Project Path="src/Kiparis.ServiceDefaults/Kiparis.ServiceDefaults.csproj" />
  </Folder>
</Solution>
